
Microsoft Visual Studio Solution File, Format Version 12.00
# Visual Studio Version 16
VisualStudioVersion = 16.0.30413.136
MinimumVisualStudioVersion = 15.0.26124.0
Project("{2150E333-8FDC-42A3-9474-1A3956D46DE8}") = "Solution Items", "Solution Items", "{897C73E2-D668-48B1-B442-C2F4BF38F453}"
	ProjectSection(SolutionItems) = preProject
		.editorconfig = .editorconfig
		Directory.Build.props = Directory.Build.props
		..\README.md = ..\README.md
	EndProjectSection
EndProject
Project("{9A19103F-16F7-4668-BE54-9A1E7A4F7556}") = "Core", "Core\Core.csproj", "{53881FB7-3623-4C98-BF05-BD33C3AE6DE4}"
EndProject
Project("{2150E333-8FDC-42A3-9474-1A3956D46DE8}") = "Tests", "Tests", "{44ECEA06-9E02-4E02-92D5-DD2311A3D3FC}"
EndProject
Project("{9A19103F-16F7-4668-BE54-9A1E7A4F7556}") = "Core.Tests", "Tests\Core.Tests\Core.Tests.csproj", "{28EEE114-07CA-45B9-A9D7-F252A6BFACFA}"
EndProject
Project("{9A19103F-16F7-4668-BE54-9A1E7A4F7556}") = "MicrosoftExtensions", "MicrosoftExtensions\MicrosoftExtensions.csproj", "{143B2911-FF88-4379-8A36-6C962F8256CF}"
EndProject
Project("{9A19103F-16F7-4668-BE54-9A1E7A4F7556}") = "MicrosoftExtensions.Tests", "Tests\MicrosoftExtensions.Tests\MicrosoftExtensions.Tests.csproj", "{9B9EC259-323B-439E-BC34-37382DA8824F}"
EndProject
Project("{FAE04EC0-301F-11D3-BF4B-00C04F79EFBC}") = "SampleApp", "SampleApp\SampleApp.csproj", "{E4D3FFCF-0089-4D2E-8365-7A5BA6FA6B5D}"
EndProject
Global
	GlobalSection(SolutionConfigurationPlatforms) = preSolution
		Debug|Any CPU = Debug|Any CPU
		Debug|x64 = Debug|x64
		Debug|x86 = Debug|x86
		Release|Any CPU = Release|Any CPU
		Release|x64 = Release|x64
		Release|x86 = Release|x86
	EndGlobalSection
	GlobalSection(ProjectConfigurationPlatforms) = postSolution
		{53881FB7-3623-4C98-BF05-BD33C3AE6DE4}.Debug|Any CPU.ActiveCfg = Debug|Any CPU
		{53881FB7-3623-4C98-BF05-BD33C3AE6DE4}.Debug|Any CPU.Build.0 = Debug|Any CPU
		{53881FB7-3623-4C98-BF05-BD33C3AE6DE4}.Debug|x64.ActiveCfg = Debug|Any CPU
		{53881FB7-3623-4C98-BF05-BD33C3AE6DE4}.Debug|x64.Build.0 = Debug|Any CPU
		{53881FB7-3623-4C98-BF05-BD33C3AE6DE4}.Debug|x86.ActiveCfg = Debug|Any CPU
		{53881FB7-3623-4C98-BF05-BD33C3AE6DE4}.Debug|x86.Build.0 = Debug|Any CPU
		{53881FB7-3623-4C98-BF05-BD33C3AE6DE4}.Release|Any CPU.ActiveCfg = Release|Any CPU
		{53881FB7-3623-4C98-BF05-BD33C3AE6DE4}.Release|Any CPU.Build.0 = Release|Any CPU
		{53881FB7-3623-4C98-BF05-BD33C3AE6DE4}.Release|x64.ActiveCfg = Release|Any CPU
		{53881FB7-3623-4C98-BF05-BD33C3AE6DE4}.Release|x64.Build.0 = Release|Any CPU
		{53881FB7-3623-4C98-BF05-BD33C3AE6DE4}.Release|x86.ActiveCfg = Release|Any CPU
		{53881FB7-3623-4C98-BF05-BD33C3AE6DE4}.Release|x86.Build.0 = Release|Any CPU
		{28EEE114-07CA-45B9-A9D7-F252A6BFACFA}.Debug|Any CPU.ActiveCfg = Debug|Any CPU
		{28EEE114-07CA-45B9-A9D7-F252A6BFACFA}.Debug|Any CPU.Build.0 = Debug|Any CPU
		{28EEE114-07CA-45B9-A9D7-F252A6BFACFA}.Debug|x64.ActiveCfg = Debug|Any CPU
		{28EEE114-07CA-45B9-A9D7-F252A6BFACFA}.Debug|x64.Build.0 = Debug|Any CPU
		{28EEE114-07CA-45B9-A9D7-F252A6BFACFA}.Debug|x86.ActiveCfg = Debug|Any CPU
		{28EEE114-07CA-45B9-A9D7-F252A6BFACFA}.Debug|x86.Build.0 = Debug|Any CPU
		{28EEE114-07CA-45B9-A9D7-F252A6BFACFA}.Release|Any CPU.ActiveCfg = Release|Any CPU
		{28EEE114-07CA-45B9-A9D7-F252A6BFACFA}.Release|Any CPU.Build.0 = Release|Any CPU
		{28EEE114-07CA-45B9-A9D7-F252A6BFACFA}.Release|x64.ActiveCfg = Release|Any CPU
		{28EEE114-07CA-45B9-A9D7-F252A6BFACFA}.Release|x64.Build.0 = Release|Any CPU
		{28EEE114-07CA-45B9-A9D7-F252A6BFACFA}.Release|x86.ActiveCfg = Release|Any CPU
		{28EEE114-07CA-45B9-A9D7-F252A6BFACFA}.Release|x86.Build.0 = Release|Any CPU
		{143B2911-FF88-4379-8A36-6C962F8256CF}.Debug|Any CPU.ActiveCfg = Debug|Any CPU
		{143B2911-FF88-4379-8A36-6C962F8256CF}.Debug|Any CPU.Build.0 = Debug|Any CPU
		{143B2911-FF88-4379-8A36-6C962F8256CF}.Debug|x64.ActiveCfg = Debug|Any CPU
		{143B2911-FF88-4379-8A36-6C962F8256CF}.Debug|x64.Build.0 = Debug|Any CPU
		{143B2911-FF88-4379-8A36-6C962F8256CF}.Debug|x86.ActiveCfg = Debug|Any CPU
		{143B2911-FF88-4379-8A36-6C962F8256CF}.Debug|x86.Build.0 = Debug|Any CPU
		{143B2911-FF88-4379-8A36-6C962F8256CF}.Release|Any CPU.ActiveCfg = Release|Any CPU
		{143B2911-FF88-4379-8A36-6C962F8256CF}.Release|Any CPU.Build.0 = Release|Any CPU
		{143B2911-FF88-4379-8A36-6C962F8256CF}.Release|x64.ActiveCfg = Release|Any CPU
		{143B2911-FF88-4379-8A36-6C962F8256CF}.Release|x64.Build.0 = Release|Any CPU
		{143B2911-FF88-4379-8A36-6C962F8256CF}.Release|x86.ActiveCfg = Release|Any CPU
		{143B2911-FF88-4379-8A36-6C962F8256CF}.Release|x86.Build.0 = Release|Any CPU
		{9B9EC259-323B-439E-BC34-37382DA8824F}.Debug|Any CPU.ActiveCfg = Debug|Any CPU
		{9B9EC259-323B-439E-BC34-37382DA8824F}.Debug|Any CPU.Build.0 = Debug|Any CPU
		{9B9EC259-323B-439E-BC34-37382DA8824F}.Debug|x64.ActiveCfg = Debug|Any CPU
		{9B9EC259-323B-439E-BC34-37382DA8824F}.Debug|x64.Build.0 = Debug|Any CPU
		{9B9EC259-323B-439E-BC34-37382DA8824F}.Debug|x86.ActiveCfg = Debug|Any CPU
		{9B9EC259-323B-439E-BC34-37382DA8824F}.Debug|x86.Build.0 = Debug|Any CPU
		{9B9EC259-323B-439E-BC34-37382DA8824F}.Release|Any CPU.ActiveCfg = Release|Any CPU
		{9B9EC259-323B-439E-BC34-37382DA8824F}.Release|Any CPU.Build.0 = Release|Any CPU
		{9B9EC259-323B-439E-BC34-37382DA8824F}.Release|x64.ActiveCfg = Release|Any CPU
		{9B9EC259-323B-439E-BC34-37382DA8824F}.Release|x64.Build.0 = Release|Any CPU
		{9B9EC259-323B-439E-BC34-37382DA8824F}.Release|x86.ActiveCfg = Release|Any CPU
		{9B9EC259-323B-439E-BC34-37382DA8824F}.Release|x86.Build.0 = Release|Any CPU
		{E4D3FFCF-0089-4D2E-8365-7A5BA6FA6B5D}.Debug|Any CPU.ActiveCfg = Debug|Any CPU
		{E4D3FFCF-0089-4D2E-8365-7A5BA6FA6B5D}.Debug|Any CPU.Build.0 = Debug|Any CPU
		{E4D3FFCF-0089-4D2E-8365-7A5BA6FA6B5D}.Debug|x64.ActiveCfg = Debug|Any CPU
		{E4D3FFCF-0089-4D2E-8365-7A5BA6FA6B5D}.Debug|x64.Build.0 = Debug|Any CPU
		{E4D3FFCF-0089-4D2E-8365-7A5BA6FA6B5D}.Debug|x86.ActiveCfg = Debug|Any CPU
		{E4D3FFCF-0089-4D2E-8365-7A5BA6FA6B5D}.Debug|x86.Build.0 = Debug|Any CPU
		{E4D3FFCF-0089-4D2E-8365-7A5BA6FA6B5D}.Release|Any CPU.ActiveCfg = Release|Any CPU
		{E4D3FFCF-0089-4D2E-8365-7A5BA6FA6B5D}.Release|Any CPU.Build.0 = Release|Any CPU
		{E4D3FFCF-0089-4D2E-8365-7A5BA6FA6B5D}.Release|x64.ActiveCfg = Release|Any CPU
		{E4D3FFCF-0089-4D2E-8365-7A5BA6FA6B5D}.Release|x64.Build.0 = Release|Any CPU
		{E4D3FFCF-0089-4D2E-8365-7A5BA6FA6B5D}.Release|x86.ActiveCfg = Release|Any CPU
		{E4D3FFCF-0089-4D2E-8365-7A5BA6FA6B5D}.Release|x86.Build.0 = Release|Any CPU
	EndGlobalSection
	GlobalSection(SolutionProperties) = preSolution
		HideSolutionNode = FALSE
	EndGlobalSection
	GlobalSection(NestedProjects) = preSolution
		{28EEE114-07CA-45B9-A9D7-F252A6BFACFA} = {44ECEA06-9E02-4E02-92D5-DD2311A3D3FC}
		{9B9EC259-323B-439E-BC34-37382DA8824F} = {44ECEA06-9E02-4E02-92D5-DD2311A3D3FC}
	EndGlobalSection
	GlobalSection(ExtensibilityGlobals) = postSolution
		SolutionGuid = {03E7253E-74F0-425D-BE21-020558E3A0BE}
	EndGlobalSection
EndGlobal
